
Microsoft Visual Studio Solution File, Format Version 12.00
# Visual Studio Version 17
VisualStudioVersion = 17.0.32112.339
MinimumVisualStudioVersion = 10.0.40219.1
Project("{FAE04EC0-301F-11D3-BF4B-00C04F79EFBC}") = "MainAluno", "MainAluno\MainAluno.csproj", "{C854DC7F-39F3-4617-9C6C-49A0DA0494E6}"
EndProject
Project("{FAE04EC0-301F-11D3-BF4B-00C04F79EFBC}") = "MainAluno.Teste", "MainAluno.Teste\MainAluno.Teste.csproj", "{A86514EF-98C3-4B52-98E8-14173B78BACD}"
EndProject
Global
	GlobalSection(SolutionConfigurationPlatforms) = preSolution
		Debug|Any CPU = Debug|Any CPU
		Release|Any CPU = Release|Any CPU
	EndGlobalSection
	GlobalSection(ProjectConfigurationPlatforms) = postSolution
		{C854DC7F-39F3-4617-9C6C-49A0DA0494E6}.Debug|Any CPU.ActiveCfg = Debug|Any CPU
		{C854DC7F-39F3-4617-9C6C-49A0DA0494E6}.Debug|Any CPU.Build.0 = Debug|Any CPU
		{C854DC7F-39F3-4617-9C6C-49A0DA0494E6}.Release|Any CPU.ActiveCfg = Release|Any CPU
		{C854DC7F-39F3-4617-9C6C-49A0DA0494E6}.Release|Any CPU.Build.0 = Release|Any CPU
		{A86514EF-98C3-4B52-98E8-14173B78BACD}.Debug|Any CPU.ActiveCfg = Debug|Any CPU
		{A86514EF-98C3-4B52-98E8-14173B78BACD}.Debug|Any CPU.Build.0 = Debug|Any CPU
		{A86514EF-98C3-4B52-98E8-14173B78BACD}.Release|Any CPU.ActiveCfg = Release|Any CPU
		{A86514EF-98C3-4B52-98E8-14173B78BACD}.Release|Any CPU.Build.0 = Release|Any CPU
	EndGlobalSection
	GlobalSection(SolutionProperties) = preSolution
		HideSolutionNode = FALSE
	EndGlobalSection
	GlobalSection(ExtensibilityGlobals) = postSolution
		SolutionGuid = {A3F20BC2-7801-4A3C-9B57-2BE3A21B641F}
	EndGlobalSection
EndGlobal
